
Microsoft Visual Studio Solution File, Format Version 12.00
# Visual Studio 15
VisualStudioVersion = 15.0.28307.438
MinimumVisualStudioVersion = 10.0.40219.1
Project("{2150E333-8FDC-42A3-9474-1A3956D46DE8}") = "Ders1", "Ders1", "{6EB9BB58-B0A8-46F6-B154-B2267E8FBFAE}"
EndProject
Project("{FAE04EC0-301F-11D3-BF4B-00C04F79EFBC}") = "ilkCore", "ilkCore\ilkCore.csproj", "{4A55DA76-EB5B-4DE9-9B20-9D310CC7CD4B}"
EndProject
Global
	GlobalSection(SolutionConfigurationPlatforms) = preSolution
		Debug|Any CPU = Debug|Any CPU
		Release|Any CPU = Release|Any CPU
	EndGlobalSection
	GlobalSection(ProjectConfigurationPlatforms) = postSolution
		{4A55DA76-EB5B-4DE9-9B20-9D310CC7CD4B}.Debug|Any CPU.ActiveCfg = Debug|Any CPU
		{4A55DA76-EB5B-4DE9-9B20-9D310CC7CD4B}.Debug|Any CPU.Build.0 = Debug|Any CPU
		{4A55DA76-EB5B-4DE9-9B20-9D310CC7CD4B}.Release|Any CPU.ActiveCfg = Release|Any CPU
		{4A55DA76-EB5B-4DE9-9B20-9D310CC7CD4B}.Release|Any CPU.Build.0 = Release|Any CPU
	EndGlobalSection
	GlobalSection(SolutionProperties) = preSolution
		HideSolutionNode = FALSE
	EndGlobalSection
	GlobalSection(NestedProjects) = preSolution
		{4A55DA76-EB5B-4DE9-9B20-9D310CC7CD4B} = {6EB9BB58-B0A8-46F6-B154-B2267E8FBFAE}
	EndGlobalSection
	GlobalSection(ExtensibilityGlobals) = postSolution
		SolutionGuid = {D4B787DC-DF93-40D9-8151-1EAE31ECF7B2}
	EndGlobalSection
EndGlobal
